{
  "name": "azf-mail-sendgrid",
  "version": "1.0.0",
  "lockfileVersion": 1,
  "requires": true,
  "dependencies": {
    "@socketlabs/email": {
      "version": "1.2.1",
      "resolved": "https://registry.npmjs.org/@socketlabs/email/-/email-1.2.1.tgz",
      "integrity": "sha512-LtqEFRvgxmraKRqXbyaNvLwlOgpTuOrxQYtOmAuMeUQ783mpMnHbP7lxiVhM3GO/Jbk3Wg12ef68KjAyV2kOzg==",
      "requires": {
        "axios": "^0.21.1",
        "promise-retry": "^2.0.1"
      }
    },
    "axios": {
      "version": "0.21.1",
      "resolved": "https://registry.npmjs.org/axios/-/axios-0.21.1.tgz",
      "integrity": "sha512-dKQiRHxGD9PPRIUNIWvZhPTPpl1rf/OxTYKsqKUDjBwYylTvV7SjSHJb9ratfyzM6wCdLCOYLzs73qpg5c4iGA==",
      "requires": {
        "follow-redirects": "^1.10.0"
      }
    },
    "barhandles": {
      "version": "0.5.4",
      "resolved": "https://registry.npmjs.org/barhandles/-/barhandles-0.5.4.tgz",
      "integrity": "sha512-Z6cqct9HFsShlkv1hLMJH62T3Jqwbza3Uie/mC6AlwNpGOd3H0ENKXKXqX0O7uSr1seQskZ7KNFy1P/V8ymREQ==",
      "requires": {
        "handlebars": ">=3.0.3",
        "lodash": "^4.17.11"
      }
    },
    "err-code": {
      "version": "2.0.3",
      "resolved": "https://registry.npmjs.org/err-code/-/err-code-2.0.3.tgz",
      "integrity": "sha512-2bmlRpNKBxT/CRmPOlyISQpNj+qSeYvcym/uT0Jx2bMOlKLtSy1ZmLuVxSEKKyor/N5yhvp/ZiG1oE3DEYMSFA=="
    },
    "file-type": {
      "version": "12.4.2",
      "resolved": "https://registry.npmjs.org/file-type/-/file-type-12.4.2.tgz",
      "integrity": "sha512-UssQP5ZgIOKelfsaB5CuGAL+Y+q7EmONuiwF3N5HAH0t27rvrttgi6Ra9k/+DVaY9UF6+ybxu5pOXLUdA8N7Vg=="
    },
    "follow-redirects": {
      "version": "1.14.1",
      "resolved": "https://registry.npmjs.org/follow-redirects/-/follow-redirects-1.14.1.tgz",
      "integrity": "sha512-HWqDgT7ZEkqRzBvc2s64vSZ/hfOceEol3ac/7tKwzuvEyWx3/4UegXh5oBOIotkGsObyk3xznnSRVADBgWSQVg=="
    },
    "handlebars": {
      "version": "4.7.7",
      "resolved": "https://registry.npmjs.org/handlebars/-/handlebars-4.7.7.tgz",
      "integrity": "sha512-aAcXm5OAfE/8IXkcZvCepKU3VzW1/39Fb5ZuqMtgI/hT8X2YgoMvBY5dLhq/cpOvw7Lk1nK/UF71aLG/ZnVYRA==",
      "requires": {
        "minimist": "^1.2.5",
        "neo-async": "^2.6.0",
        "source-map": "^0.6.1",
        "uglify-js": "^3.1.4",
        "wordwrap": "^1.0.0"
      }
    },
    "image-size": {
      "version": "0.8.3",
      "resolved": "https://registry.npmjs.org/image-size/-/image-size-0.8.3.tgz",
      "integrity": "sha512-SMtq1AJ+aqHB45c3FsB4ERK0UCiA2d3H1uq8s+8T0Pf8A3W4teyBQyaFaktH6xvZqh+npwlKU7i4fJo0r7TYTg==",
      "requires": {
        "queue": "6.0.1"
      }
    },
    "inherits": {
      "version": "2.0.4",
      "resolved": "https://registry.npmjs.org/inherits/-/inherits-2.0.4.tgz",
      "integrity": "sha512-k/vGaX4/Yla3WzyMCvTQOXYeIHvqOKtnqBduzTHpzpQZzAskKMhZ2K+EnBiSM9zGSoIFeMpXKxa4dYeZIQqewQ=="
    },
    "lodash": {
      "version": "4.17.20",
      "resolved": "https://registry.npmjs.org/lodash/-/lodash-4.17.20.tgz",
      "integrity": "sha512-PlhdFcillOINfeV7Ni6oF1TAEayyZBoZ8bcshTHqOYJYlrqzRK5hagpagky5o4HfCzzd1TRkXPMFq6cKk9rGmA=="
    },
    "mime-db": {
      "version": "1.44.0",
      "resolved": "https://registry.npmjs.org/mime-db/-/mime-db-1.44.0.tgz",
      "integrity": "sha512-/NOTfLrsPBVeH7YtFPgsVWveuL+4SjjYxaQ1xtM1KMFj7HdxlBlxeyNLzhyJVx7r4rZGJAZ/6lkKCitSc/Nmpg=="
    },
    "mime-types": {
      "version": "2.1.27",
      "resolved": "https://registry.npmjs.org/mime-types/-/mime-types-2.1.27.tgz",
      "integrity": "sha512-JIhqnCasI9yD+SsmkquHBxTSEuZdQX5BuQnS2Vc7puQQQ+8yiP5AY5uWhpdv4YL4VM5c6iliiYWPgJ/nJQLp7w==",
      "requires": {
        "mime-db": "1.44.0"
      }
    },
    "minimist": {
      "version": "1.2.5",
      "resolved": "https://registry.npmjs.org/minimist/-/minimist-1.2.5.tgz",
      "integrity": "sha512-FM9nNUYrRBAELZQT3xeZQ7fmMOBg6nWNmJKTcgsJeaLstP/UODVpGsr5OhXhhXg6f+qtJ8uiZ+PUxkDWcgIXLw=="
    },
    "moment": {
      "version": "2.27.0",
      "resolved": "https://registry.npmjs.org/moment/-/moment-2.27.0.tgz",
      "integrity": "sha512-al0MUK7cpIcglMv3YF13qSgdAIqxHTO7brRtaz3DlSULbqfazqkc5kEjNrLDOM7fsjshoFIihnU8snrP7zUvhQ=="
    },
    "neo-async": {
      "version": "2.6.2",
      "resolved": "https://registry.npmjs.org/neo-async/-/neo-async-2.6.2.tgz",
      "integrity": "sha512-Yd3UES5mWCSqR+qNT93S3UoYUkqAZ9lLg8a7g9rimsWmYGK8cVToA4/sF3RrshdyV3sAGMXVUmpMYOw+dLpOuw=="
    },
    "node-input-validator": {
      "version": "4.2.0",
      "resolved": "https://registry.npmjs.org/node-input-validator/-/node-input-validator-4.2.0.tgz",
      "integrity": "sha512-A2wjSVLQKUvloZEXEEpbWe32Mks82QBy3e+xF4DKHEDkmrhuIEl0gn1g4KVuP/zS9mu94mBQPCpksC60H7CuKw==",
      "requires": {
        "file-type": "^12.4.2",
        "image-size": "^0.8.3",
        "mime-types": "^2.1.26",
        "moment": "^2.24.0",
        "read-chunk": "^3.2.0",
        "validator": "^12.2.0"
      }
    },
    "p-finally": {
      "version": "1.0.0",
      "resolved": "https://registry.npmjs.org/p-finally/-/p-finally-1.0.0.tgz",
      "integrity": "sha1-P7z7FbiZpEEjs0ttzBi3JDNqLK4="
    },
    "p-try": {
      "version": "2.2.0",
      "resolved": "https://registry.npmjs.org/p-try/-/p-try-2.2.0.tgz",
      "integrity": "sha512-R4nPAVTAU0B9D35/Gk3uJf/7XYbQcyohSKdvAxIRSNghFl4e71hVoGnBNQz9cWaXxO2I10KTC+3jMdvvoKw6dQ=="
    },
    "pify": {
      "version": "4.0.1",
      "resolved": "https://registry.npmjs.org/pify/-/pify-4.0.1.tgz",
      "integrity": "sha512-uB80kBFb/tfd68bVleG9T5GGsGPjJrLAUpR5PZIrhBnIaRTQRjqdJSsIKkOP6OAIFbj7GOrcudc5pNjZ+geV2g=="
    },
    "promise-retry": {
      "version": "2.0.1",
      "resolved": "https://registry.npmjs.org/promise-retry/-/promise-retry-2.0.1.tgz",
      "integrity": "sha512-y+WKFlBR8BGXnsNlIHFGPZmyDf3DFMoLhaflAnyZgV6rG6xu+JwesTo2Q9R6XwYmtmwAFCkAk3e35jEdoeh/3g==",
      "requires": {
        "err-code": "^2.0.2",
        "retry": "^0.12.0"
      }
    },
    "queue": {
      "version": "6.0.1",
      "resolved": "https://registry.npmjs.org/queue/-/queue-6.0.1.tgz",
      "integrity": "sha512-AJBQabRCCNr9ANq8v77RJEv73DPbn55cdTb+Giq4X0AVnNVZvMHlYp7XlQiN+1npCZj1DuSmaA2hYVUUDgxFDg==",
      "requires": {
        "inherits": "~2.0.3"
      }
    },
    "read-chunk": {
      "version": "3.2.0",
      "resolved": "https://registry.npmjs.org/read-chunk/-/read-chunk-3.2.0.tgz",
      "integrity": "sha512-CEjy9LCzhmD7nUpJ1oVOE6s/hBkejlcJEgLQHVnQznOSilOPb+kpKktlLfFDK3/WP43+F80xkUTM2VOkYoSYvQ==",
      "requires": {
        "pify": "^4.0.1",
        "with-open-file": "^0.1.6"
      }
    },
    "retry": {
      "version": "0.12.0",
      "resolved": "https://registry.npmjs.org/retry/-/retry-0.12.0.tgz",
      "integrity": "sha1-G0KmJmoh8HQh0bC1S33BZ7AcATs="
    },
    "source-map": {
      "version": "0.6.1",
      "resolved": "https://registry.npmjs.org/source-map/-/source-map-0.6.1.tgz",
      "integrity": "sha512-UjgapumWlbMhkBgzT7Ykc5YXUT46F0iKu8SGXq0bcwP5dz/h0Plj6enJqjz1Zbq2l5WaqYnrVbwWOWMyF3F47g=="
    },
    "uglify-js": {
      "version": "3.13.5",
      "resolved": "https://registry.npmjs.org/uglify-js/-/uglify-js-3.13.5.tgz",
      "integrity": "sha512-xtB8yEqIkn7zmOyS2zUNBsYCBRhDkvlNxMMY2smuJ/qA8NCHeQvKCF3i9Z4k8FJH4+PJvZRtMrPynfZ75+CSZw==",
      "optional": true
    },
    "validator": {
      "version": "12.2.0",
      "resolved": "https://registry.npmjs.org/validator/-/validator-12.2.0.tgz",
      "integrity": "sha512-jJfE/DW6tIK1Ek8nCfNFqt8Wb3nzMoAbocBF6/Icgg1ZFSBpObdnwVY2jQj6qUqzhx5jc71fpvBWyLGO7Xl+nQ=="
    },
    "with-open-file": {
      "version": "0.1.7",
      "resolved": "https://registry.npmjs.org/with-open-file/-/with-open-file-0.1.7.tgz",
      "integrity": "sha512-ecJS2/oHtESJ1t3ZfMI3B7KIDKyfN0O16miWxdn30zdh66Yd3LsRFebXZXq6GU4xfxLf6nVxp9kIqElb5fqczA==",
      "requires": {
        "p-finally": "^1.0.0",
        "p-try": "^2.1.0",
        "pify": "^4.0.1"
      }
    },
    "wordwrap": {
      "version": "1.0.0",
      "resolved": "https://registry.npmjs.org/wordwrap/-/wordwrap-1.0.0.tgz",
      "integrity": "sha1-J1hIEIkUVqQXHI0CJkQa3pDLyus="
    }
  }
}
